
Microsoft Visual Studio Solution File, Format Version 12.00
# Visual Studio Version 17
VisualStudioVersion = 17.8.34330.188
MinimumVisualStudioVersion = 10.0.40219.1
Project("{9A19103F-16F7-4668-BE54-9A1E7A4F7556}") = "Ideageek.Subscribly.Core", "Source\Ideageek.Subscribly.Core\Ideageek.Subscribly.Core.csproj", "{280D34BA-5486-4DB6-9EAD-34D374C181D5}"
EndProject
Project("{9A19103F-16F7-4668-BE54-9A1E7A4F7556}") = "Ideageek.Subscribly.Api", "Source\Ideageek.Subscribly.Api\Ideageek.Subscribly.Api.csproj", "{EADBCBF9-C89D-4826-BFD6-1AC2A9C1BE15}"
EndProject
Global
	GlobalSection(SolutionConfigurationPlatforms) = preSolution
		Debug|Any CPU = Debug|Any CPU
		Release|Any CPU = Release|Any CPU
	EndGlobalSection
	GlobalSection(ProjectConfigurationPlatforms) = postSolution
		{280D34BA-5486-4DB6-9EAD-34D374C181D5}.Debug|Any CPU.ActiveCfg = Debug|Any CPU
		{280D34BA-5486-4DB6-9EAD-34D374C181D5}.Debug|Any CPU.Build.0 = Debug|Any CPU
		{280D34BA-5486-4DB6-9EAD-34D374C181D5}.Release|Any CPU.ActiveCfg = Release|Any CPU
		{280D34BA-5486-4DB6-9EAD-34D374C181D5}.Release|Any CPU.Build.0 = Release|Any CPU
		{EADBCBF9-C89D-4826-BFD6-1AC2A9C1BE15}.Debug|Any CPU.ActiveCfg = Debug|Any CPU
		{EADBCBF9-C89D-4826-BFD6-1AC2A9C1BE15}.Debug|Any CPU.Build.0 = Debug|Any CPU
		{EADBCBF9-C89D-4826-BFD6-1AC2A9C1BE15}.Release|Any CPU.ActiveCfg = Release|Any CPU
		{EADBCBF9-C89D-4826-BFD6-1AC2A9C1BE15}.Release|Any CPU.Build.0 = Release|Any CPU
	EndGlobalSection
	GlobalSection(SolutionProperties) = preSolution
		HideSolutionNode = FALSE
	EndGlobalSection
	GlobalSection(ExtensibilityGlobals) = postSolution
		SolutionGuid = {979D3369-DB2D-4A06-8E9F-E024501D6B4A}
	EndGlobalSection
EndGlobal
